# generated by rye
# use `rye lock` or `rye sync` to update this lockfile
#
# last locked with the following flags:
#   pre: false
#   features: []
#   all-features: false
#   with-sources: false
#   generate-hashes: false
#   universal: false

-e file:.
annotated-doc==0.0.4
    # via fastapi
annotated-types==0.7.0
    # via pydantic
anyio==4.12.1
    # via httpx
    # via starlette
certifi==2026.1.4
    # via httpcore
    # via httpx
    # via qfieldcloud-sdk
    # via requests
charset-normalizer==3.4.4
    # via qfieldcloud-sdk
    # via requests
click==8.3.1
    # via qfieldcloud-sdk
    # via uvicorn
colorlog==6.10.1
    # via qfieldcloud
dependency-injector==4.48.3
    # via qfieldcloud
fastapi==0.129.0
    # via fastapi-utils
    # via qfieldcloud
fastapi-utils==0.8.0
    # via qfieldcloud
h11==0.16.0
    # via httpcore
    # via uvicorn
httpcore==1.0.9
    # via httpx
httpx==0.28.1
    # via qfieldcloud
idna==3.11
    # via anyio
    # via httpx
    # via qfieldcloud-sdk
    # via requests
iniconfig==2.3.0
    # via pytest
packaging==26.0
    # via pytest
pathvalidate==3.3.1
    # via qfieldcloud-sdk
pluggy==1.6.0
    # via pytest
psutil==5.9.8
    # via fastapi-utils
pydantic==2.12.5
    # via fastapi
    # via fastapi-utils
    # via pydantic-settings
pydantic-core==2.41.5
    # via pydantic
pydantic-settings==2.13.1
    # via qfieldcloud
pygments==2.19.2
    # via pytest
pytest==9.0.2
    # via qfieldcloud
python-dotenv==1.2.1
    # via pydantic-settings
python-multipart==0.0.22
    # via qfieldcloud
pyyaml==6.0.3
    # via qfieldcloud
qfieldcloud-sdk==0.12.0
    # via qfieldcloud
requests==2.32.5
    # via qfieldcloud-sdk
    # via requests-toolbelt
requests-toolbelt==1.0.0
    # via qfieldcloud-sdk
starlette==0.52.1
    # via fastapi
tqdm==4.67.3
    # via qfieldcloud-sdk
typing-extensions==4.15.0
    # via anyio
    # via dependency-injector
    # via fastapi
    # via pydantic
    # via pydantic-core
    # via starlette
    # via typing-inspection
typing-inspection==0.4.2
    # via fastapi
    # via pydantic
    # via pydantic-settings
urllib3==2.6.3
    # via qfieldcloud-sdk
    # via requests
uvicorn==0.41.0
    # via qfieldcloud
